// !$*UTF8*$!
{
	archiveVersion = 1;
	classes = {
	};
	objectVersion = 51;
	objects = {

/* Begin PBXBuildFile section */
		63292D93243C7992002A4B8C /* RealmManager.swift in Sources */ = {isa = PBXBuildFile; fileRef = 63292D92243C7992002A4B8C /* RealmManager.swift */; };
		63B17A7F2428657D0089B2BD /* Date+formatter.swift in Sources */ = {isa = PBXBuildFile; fileRef = 63B17A7E2428657D0089B2BD /* Date+formatter.swift */; };
		63C7C21F2428263300D66B97 /* AppDelegate.swift in Sources */ = {isa = PBXBuildFile; fileRef = 63C7C21E2428263300D66B97 /* AppDelegate.swift */; };
		63C7C2212428263300D66B97 /* SceneDelegate.swift in Sources */ = {isa = PBXBuildFile; fileRef = 63C7C2202428263300D66B97 /* SceneDelegate.swift */; };
		63C7C2262428263300D66B97 /* Main.storyboard in Resources */ = {isa = PBXBuildFile; fileRef = 63C7C2242428263300D66B97 /* Main.storyboard */; };
		63C7C2282428263500D66B97 /* Assets.xcassets in Resources */ = {isa = PBXBuildFile; fileRef = 63C7C2272428263500D66B97 /* Assets.xcassets */; };
		63C7C22B2428263500D66B97 /* LaunchScreen.storyboard in Resources */ = {isa = PBXBuildFile; fileRef = 63C7C2292428263500D66B97 /* LaunchScreen.storyboard */; };
		63C7C2332428286E00D66B97 /* ItemsListViewController.swift in Sources */ = {isa = PBXBuildFile; fileRef = 63C7C2322428286E00D66B97 /* ItemsListViewController.swift */; };
		63C7C235242828C500D66B97 /* AddItemViewController.swift in Sources */ = {isa = PBXBuildFile; fileRef = 63C7C234242828C500D66B97 /* AddItemViewController.swift */; };
		63C7C2392428336D00D66B97 /* Item.swift in Sources */ = {isa = PBXBuildFile; fileRef = 63C7C2382428336D00D66B97 /* Item.swift */; };
		63C7C23D242833D100D66B97 /* ItemTableViewCell.swift in Sources */ = {isa = PBXBuildFile; fileRef = 63C7C23B242833D100D66B97 /* ItemTableViewCell.swift */; };
		63C7C23E242833D100D66B97 /* ItemTableViewCell.xib in Resources */ = {isa = PBXBuildFile; fileRef = 63C7C23C242833D100D66B97 /* ItemTableViewCell.xib */; };
		913EEC2FF026BF6520AC548C /* Pods_Tarea_4.framework in Frameworks */ = {isa = PBXBuildFile; fileRef = 9D12CFE401D5D85CE1A25408 /* Pods_Tarea_4.framework */; };
/* End PBXBuildFile section */

/* Begin PBXFileReference section */
		4ED163271F8D70C679A0C1AD /* Pods-Tarea#4.debug.xcconfig */ = {isa = PBXFileReference; includeInIndex = 1; lastKnownFileType = text.xcconfig; name = "Pods-Tarea#4.debug.xcconfig"; path = "Target Support Files/Pods-Tarea#4/Pods-Tarea#4.debug.xcconfig"; sourceTree = "<group>"; };
		63292D92243C7992002A4B8C /* RealmManager.swift */ = {isa = PBXFileReference; lastKnownFileType = sourcecode.swift; path = RealmManager.swift; sourceTree = "<group>"; };
		63B17A7E2428657D0089B2BD /* Date+formatter.swift */ = {isa = PBXFileReference; lastKnownFileType = sourcecode.swift; path = "Date+formatter.swift"; sourceTree = "<group>"; };
		63C7C21B2428263300D66B97 /* Tarea#4.app */ = {isa = PBXFileReference; explicitFileType = wrapper.application; includeInIndex = 0; path = "Tarea#4.app"; sourceTree = BUILT_PRODUCTS_DIR; };
		63C7C21E2428263300D66B97 /* AppDelegate.swift */ = {isa = PBXFileReference; lastKnownFileType = sourcecode.swift; path = AppDelegate.swift; sourceTree = "<group>"; };
		63C7C2202428263300D66B97 /* SceneDelegate.swift */ = {isa = PBXFileReference; lastKnownFileType = sourcecode.swift; path = SceneDelegate.swift; sourceTree = "<group>"; };
		63C7C2252428263300D66B97 /* Base */ = {isa = PBXFileReference; lastKnownFileType = file.storyboard; name = Base; path = Base.lproj/Main.storyboard; sourceTree = "<group>"; };
		63C7C2272428263500D66B97 /* Assets.xcassets */ = {isa = PBXFileReference; lastKnownFileType = folder.assetcatalog; path = Assets.xcassets; sourceTree = "<group>"; };
		63C7C22A2428263500D66B97 /* Base */ = {isa = PBXFileReference; lastKnownFileType = file.storyboard; name = Base; path = Base.lproj/LaunchScreen.storyboard; sourceTree = "<group>"; };
		63C7C22C2428263500D66B97 /* Info.plist */ = {isa = PBXFileReference; lastKnownFileType = text.plist.xml; path = Info.plist; sourceTree = "<group>"; };
		63C7C2322428286E00D66B97 /* ItemsListViewController.swift */ = {isa = PBXFileReference; lastKnownFileType = sourcecode.swift; path = ItemsListViewController.swift; sourceTree = "<group>"; };
		63C7C234242828C500D66B97 /* AddItemViewController.swift */ = {isa = PBXFileReference; lastKnownFileType = sourcecode.swift; path = AddItemViewController.swift; sourceTree = "<group>"; };
		63C7C2382428336D00D66B97 /* Item.swift */ = {isa = PBXFileReference; lastKnownFileType = sourcecode.swift; path = Item.swift; sourceTree = "<group>"; };
		63C7C23B242833D100D66B97 /* ItemTableViewCell.swift */ = {isa = PBXFileReference; lastKnownFileType = sourcecode.swift; path = ItemTableViewCell.swift; sourceTree = "<group>"; };
		63C7C23C242833D100D66B97 /* ItemTableViewCell.xib */ = {isa = PBXFileReference; lastKnownFileType = file.xib; path = ItemTableViewCell.xib; sourceTree = "<group>"; };
		9D12CFE401D5D85CE1A25408 /* Pods_Tarea_4.framework */ = {isa = PBXFileReference; explicitFileType = wrapper.framework; includeInIndex = 0; path = Pods_Tarea_4.framework; sourceTree = BUILT_PRODUCTS_DIR; };
		F6F84AD65A3AEFAB73C69548 /* Pods-Tarea#4.release.xcconfig */ = {isa = PBXFileReference; includeInIndex = 1; lastKnownFileType = text.xcconfig; name = "Pods-Tarea#4.release.xcconfig"; path = "Target Support Files/Pods-Tarea#4/Pods-Tarea#4.release.xcconfig"; sourceTree = "<group>"; };
/* End PBXFileReference section */

/* Begin PBXFrameworksBuildPhase section */
		63C7C2182428263300D66B97 /* Frameworks */ = {
			isa = PBXFrameworksBuildPhase;
			buildActionMask = 2147483647;
			files = (
				913EEC2FF026BF6520AC548C /* Pods_Tarea_4.framework in Frameworks */,
			);
			runOnlyForDeploymentPostprocessing = 0;
		};
/* End PBXFrameworksBuildPhase section */

/* Begin PBXGroup section */
		63292D91243C7975002A4B8C /* Realm Manager */ = {
			isa = PBXGroup;
			children = (
				63292D92243C7992002A4B8C /* RealmManager.swift */,
			);
			path = "Realm Manager";
			sourceTree = "<group>";
		};
		63B17A7D242865620089B2BD /* Extensions */ = {
			isa = PBXGroup;
			children = (
				63B17A7E2428657D0089B2BD /* Date+formatter.swift */,
			);
			path = Extensions;
			sourceTree = "<group>";
		};
		63C7C2122428263300D66B97 = {
			isa = PBXGroup;
			children = (
				63C7C21D2428263300D66B97 /* Tarea#4 */,
				63C7C21C2428263300D66B97 /* Products */,
				EBEE917450BA4570841839D3 /* Pods */,
				ADD63DA5926A759661E7D60F /* Frameworks */,
			);
			sourceTree = "<group>";
		};
		63C7C21C2428263300D66B97 /* Products */ = {
			isa = PBXGroup;
			children = (
				63C7C21B2428263300D66B97 /* Tarea#4.app */,
			);
			name = Products;
			sourceTree = "<group>";
		};
		63C7C21D2428263300D66B97 /* Tarea#4 */ = {
			isa = PBXGroup;
			children = (
				63292D91243C7975002A4B8C /* Realm Manager */,
				63B17A7D242865620089B2BD /* Extensions */,
				63C7C23A2428337700D66B97 /* CustomCells */,
				63C7C237242832EC00D66B97 /* Models */,
				63C7C236242832A300D66B97 /* Controllers */,
				63C7C21E2428263300D66B97 /* AppDelegate.swift */,
				63C7C2202428263300D66B97 /* SceneDelegate.swift */,
				63C7C2242428263300D66B97 /* Main.storyboard */,
				63C7C2272428263500D66B97 /* Assets.xcassets */,
				63C7C2292428263500D66B97 /* LaunchScreen.storyboard */,
				63C7C22C2428263500D66B97 /* Info.plist */,
			);
			path = "Tarea#4";
			sourceTree = "<group>";
		};
		63C7C236242832A300D66B97 /* Controllers */ = {
			isa = PBXGroup;
			children = (
				63C7C234242828C500D66B97 /* AddItemViewController.swift */,
				63C7C2322428286E00D66B97 /* ItemsListViewController.swift */,
			);
			path = Controllers;
			sourceTree = "<group>";
		};
		63C7C237242832EC00D66B97 /* Models */ = {
			isa = PBXGroup;
			children = (
				63C7C2382428336D00D66B97 /* Item.swift */,
			);
			path = Models;
			sourceTree = "<group>";
		};
		63C7C23A2428337700D66B97 /* CustomCells */ = {
			isa = PBXGroup;
			children = (
				63C7C23B242833D100D66B97 /* ItemTableViewCell.swift */,
				63C7C23C242833D100D66B97 /* ItemTableViewCell.xib */,
			);
			path = CustomCells;
			sourceTree = "<group>";
		};
		ADD63DA5926A759661E7D60F /* Frameworks */ = {
			isa = PBXGroup;
			children = (
				9D12CFE401D5D85CE1A25408 /* Pods_Tarea_4.framework */,
			);
			name = Frameworks;
			sourceTree = "<group>";
		};
		EBEE917450BA4570841839D3 /* Pods */ = {
			isa = PBXGroup;
			children = (
				4ED163271F8D70C679A0C1AD /* Pods-Tarea#4.debug.xcconfig */,
				F6F84AD65A3AEFAB73C69548 /* Pods-Tarea#4.release.xcconfig */,
			);
			path = Pods;
			sourceTree = "<group>";
		};
/* End PBXGroup section */

/* Begin PBXNativeTarget section */
		63C7C21A2428263300D66B97 /* Tarea#4 */ = {
			isa = PBXNativeTarget;
			buildConfigurationList = 63C7C22F2428263500D66B97 /* Build configuration list for PBXNativeTarget "Tarea#4" */;
			buildPhases = (
				CECFB82051EE2230CD7CD478 /* [CP] Check Pods Manifest.lock */,
				63C7C2172428263300D66B97 /* Sources */,
				63C7C2182428263300D66B97 /* Frameworks */,
				63C7C2192428263300D66B97 /* Resources */,
				4EE24C3D95E366E4499017A0 /* [CP] Embed Pods Frameworks */,
			);
			buildRules = (
			);
			dependencies = (
			);
			name = "Tarea#4";
			productName = "Tarea#3";
			productReference = 63C7C21B2428263300D66B97 /* Tarea#4.app */;
			productType = "com.apple.product-type.application";
		};
/* End PBXNativeTarget section */

/* Begin PBXProject section */
		63C7C2132428263300D66B97 /* Project object */ = {
			isa = PBXProject;
			attributes = {
				LastSwiftUpdateCheck = 1130;
				LastUpgradeCheck = 1130;
				ORGANIZATIONNAME = user169046;
				TargetAttributes = {
					63C7C21A2428263300D66B97 = {
						CreatedOnToolsVersion = 11.3.1;
					};
				};
			};
			buildConfigurationList = 63C7C2162428263300D66B97 /* Build configuration list for PBXProject "Tarea#4" */;
			compatibilityVersion = "Xcode 9.3";
			developmentRegion = en;
			hasScannedForEncodings = 0;
			knownRegions = (
				en,
				Base,
			);
			mainGroup = 63C7C2122428263300D66B97;
			productRefGroup = 63C7C21C2428263300D66B97 /* Products */;
			projectDirPath = "";
			projectRoot = "";
			targets = (
				63C7C21A2428263300D66B97 /* Tarea#4 */,
			);
		};
/* End PBXProject section */

/* Begin PBXResourcesBuildPhase section */
		63C7C2192428263300D66B97 /* Resources */ = {
			isa = PBXResourcesBuildPhase;
			buildActionMask = 2147483647;
			files = (
				63C7C23E242833D100D66B97 /* ItemTableViewCell.xib in Resources */,
				63C7C22B2428263500D66B97 /* LaunchScreen.storyboard in Resources */,
				63C7C2282428263500D66B97 /* Assets.xcassets in Resources */,
				63C7C2262428263300D66B97 /* Main.storyboard in Resources */,
			);
			runOnlyForDeploymentPostprocessing = 0;
		};
/* End PBXResourcesBuildPhase section */

/* Begin PBXShellScriptBuildPhase section */
		4EE24C3D95E366E4499017A0 /* [CP] Embed Pods Frameworks */ = {
			isa = PBXShellScriptBuildPhase;
			buildActionMask = 2147483647;
			files = (
			);
			inputFileListPaths = (
				"${PODS_ROOT}/Target Support Files/Pods-Tarea#4/Pods-Tarea#4-frameworks-${CONFIGURATION}-input-files.xcfilelist",
			);
			name = "[CP] Embed Pods Frameworks";
			outputFileListPaths = (
				"${PODS_ROOT}/Target Support Files/Pods-Tarea#4/Pods-Tarea#4-frameworks-${CONFIGURATION}-output-files.xcfilelist",
			);
			runOnlyForDeploymentPostprocessing = 0;
			shellPath = /bin/sh;
			shellScript = "\"${PODS_ROOT}/Target Support Files/Pods-Tarea#4/Pods-Tarea#4-frameworks.sh\"\n";
			showEnvVarsInLog = 0;
		};
		CECFB82051EE2230CD7CD478 /* [CP] Check Pods Manifest.lock */ = {
			isa = PBXShellScriptBuildPhase;
			buildActionMask = 2147483647;
			files = (
			);
			inputFileListPaths = (
			);
			inputPaths = (
				"${PODS_PODFILE_DIR_PATH}/Podfile.lock",
				"${PODS_ROOT}/Manifest.lock",
			);
			name = "[CP] Check Pods Manifest.lock";
			outputFileListPaths = (
			);
			outputPaths = (
				"$(DERIVED_FILE_DIR)/Pods-Tarea#4-checkManifestLockResult.txt",
			);
			runOnlyForDeploymentPostprocessing = 0;
			shellPath = /bin/sh;
			shellScript = "diff \"${PODS_PODFILE_DIR_PATH}/Podfile.lock\" \"${PODS_ROOT}/Manifest.lock\" > /dev/null\nif [ $? != 0 ] ; then\n    # print error to STDERR\n    echo \"error: The sandbox is not in sync with the Podfile.lock. Run 'pod install' or update your CocoaPods installation.\" >&2\n    exit 1\nfi\n# This output is used by Xcode 'outputs' to avoid re-running this script phase.\necho \"SUCCESS\" > \"${SCRIPT_OUTPUT_FILE_0}\"\n";
			showEnvVarsInLog = 0;
		};
/* End PBXShellScriptBuildPhase section */

/* Begin PBXSourcesBuildPhase section */
		63C7C2172428263300D66B97 /* Sources */ = {
			isa = PBXSourcesBuildPhase;
			buildActionMask = 2147483647;
			files = (
				63C7C2392428336D00D66B97 /* Item.swift in Sources */,
				63292D93243C7992002A4B8C /* RealmManager.swift in Sources */,
				63B17A7F2428657D0089B2BD /* Date+formatter.swift in Sources */,
				63C7C21F2428263300D66B97 /* AppDelegate.swift in Sources */,
				63C7C235242828C500D66B97 /* AddItemViewController.swift in Sources */,
				63C7C2212428263300D66B97 /* SceneDelegate.swift in Sources */,
				63C7C23D242833D100D66B97 /* ItemTableViewCell.swift in Sources */,
				63C7C2332428286E00D66B97 /* ItemsListViewController.swift in Sources */,
			);
			runOnlyForDeploymentPostprocessing = 0;
		};
/* End PBXSourcesBuildPhase section */

/* Begin PBXVariantGroup section */
		63C7C2242428263300D66B97 /* Main.storyboard */ = {
			isa = PBXVariantGroup;
			children = (
				63C7C2252428263300D66B97 /* Base */,
			);
			name = Main.storyboard;
			sourceTree = "<group>";
		};
		63C7C2292428263500D66B97 /* LaunchScreen.storyboard */ = {
			isa = PBXVariantGroup;
			children = (
				63C7C22A2428263500D66B97 /* Base */,
			);
			name = LaunchScreen.storyboard;
			sourceTree = "<group>";
		};
/* End PBXVariantGroup section */

/* Begin XCBuildConfiguration section */
		63C7C22D2428263500D66B97 /* Debug */ = {
			isa = XCBuildConfiguration;
			buildSettings = {
				ALWAYS_SEARCH_USER_PATHS = NO;
				CLANG_ANALYZER_NONNULL = YES;
				CLANG_ANALYZER_NUMBER_OBJECT_CONVERSION = YES_AGGRESSIVE;
				CLANG_CXX_LANGUAGE_STANDARD = "gnu++14";
				CLANG_CXX_LIBRARY = "libc++";
				CLANG_ENABLE_MODULES = YES;
				CLANG_ENABLE_OBJC_ARC = YES;
				CLANG_ENABLE_OBJC_WEAK = YES;
				CLANG_WARN_BLOCK_CAPTURE_AUTORELEASING = YES;
				CLANG_WARN_BOOL_CONVERSION = YES;
				CLANG_WARN_COMMA = YES;
				CLANG_WARN_CONSTANT_CONVERSION = YES;
				CLANG_WARN_DEPRECATED_OBJC_IMPLEMENTATIONS = YES;
				CLANG_WARN_DIRECT_OBJC_ISA_USAGE = YES_ERROR;
				CLANG_WARN_DOCUMENTATION_COMMENTS = YES;
				CLANG_WARN_EMPTY_BODY = YES;
				CLANG_WARN_ENUM_CONVERSION = YES;
				CLANG_WARN_INFINITE_RECURSION = YES;
				CLANG_WARN_INT_CONVERSION = YES;
				CLANG_WARN_NON_LITERAL_NULL_CONVERSION = YES;
				CLANG_WARN_OBJC_IMPLICIT_RETAIN_SELF = YES;
				CLANG_WARN_OBJC_LITERAL_CONVERSION = YES;
				CLANG_WARN_OBJC_ROOT_CLASS = YES_ERROR;
				CLANG_WARN_RANGE_LOOP_ANALYSIS = YES;
				CLANG_WARN_STRICT_PROTOTYPES = YES;
				CLANG_WARN_SUSPICIOUS_MOVE = YES;
				CLANG_WARN_UNGUARDED_AVAILABILITY = YES_AGGRESSIVE;
				CLANG_WARN_UNREACHABLE_CODE = YES;
				CLANG_WARN__DUPLICATE_METHOD_MATCH = YES;
				COPY_PHASE_STRIP = NO;
				DEBUG_INFORMATION_FORMAT = dwarf;
				ENABLE_STRICT_OBJC_MSGSEND = YES;
				ENABLE_TESTABILITY = YES;
				GCC_C_LANGUAGE_STANDARD = gnu11;
				GCC_DYNAMIC_NO_PIC = NO;
				GCC_NO_COMMON_BLOCKS = YES;
				GCC_OPTIMIZATION_LEVEL = 0;
				GCC_PREPROCESSOR_DEFINITIONS = (
					"DEBUG=1",
					"$(inherited)",
				);
				GCC_WARN_64_TO_32_BIT_CONVERSION = YES;
				GCC_WARN_ABOUT_RETURN_TYPE = YES_ERROR;
				GCC_WARN_UNDECLARED_SELECTOR = YES;
				GCC_WARN_UNINITIALIZED_AUTOS = YES_AGGRESSIVE;
				GCC_WARN_UNUSED_FUNCTION = YES;
				GCC_WARN_UNUSED_VARIABLE = YES;
				IPHONEOS_DEPLOYMENT_TARGET = 13.2;
				MTL_ENABLE_DEBUG_INFO = INCLUDE_SOURCE;
				MTL_FAST_MATH = YES;
				ONLY_ACTIVE_ARCH = YES;
				SDKROOT = iphoneos;
				SWIFT_ACTIVE_COMPILATION_CONDITIONS = DEBUG;
				SWIFT_OPTIMIZATION_LEVEL = "-Onone";
			};
			name = Debug;
		};
		63C7C22E2428263500D66B97 /* Release */ = {
			isa = XCBuildConfiguration;
			buildSettings = {
				ALWAYS_SEARCH_USER_PATHS = NO;
				CLANG_ANALYZER_NONNULL = YES;
				CLANG_ANALYZER_NUMBER_OBJECT_CONVERSION = YES_AGGRESSIVE;
				CLANG_CXX_LANGUAGE_STANDARD = "gnu++14";
				CLANG_CXX_LIBRARY = "libc++";
				CLANG_ENABLE_MODULES = YES;
				CLANG_ENABLE_OBJC_ARC = YES;
				CLANG_ENABLE_OBJC_WEAK = YES;
				CLANG_WARN_BLOCK_CAPTURE_AUTORELEASING = YES;
				CLANG_WARN_BOOL_CONVERSION = YES;
				CLANG_WARN_COMMA = YES;
				CLANG_WARN_CONSTANT_CONVERSION = YES;
				CLANG_WARN_DEPRECATED_OBJC_IMPLEMENTATIONS = YES;
				CLANG_WARN_DIRECT_OBJC_ISA_USAGE = YES_ERROR;
				CLANG_WARN_DOCUMENTATION_COMMENTS = YES;
				CLANG_WARN_EMPTY_BODY = YES;
				CLANG_WARN_ENUM_CONVERSION = YES;
				CLANG_WARN_INFINITE_RECURSION = YES;
				CLANG_WARN_INT_CONVERSION = YES;
				CLANG_WARN_NON_LITERAL_NULL_CONVERSION = YES;
				CLANG_WARN_OBJC_IMPLICIT_RETAIN_SELF = YES;
				CLANG_WARN_OBJC_LITERAL_CONVERSION = YES;
				CLANG_WARN_OBJC_ROOT_CLASS = YES_ERROR;
				CLANG_WARN_RANGE_LOOP_ANALYSIS = YES;
				CLANG_WARN_STRICT_PROTOTYPES = YES;
				CLANG_WARN_SUSPICIOUS_MOVE = YES;
				CLANG_WARN_UNGUARDED_AVAILABILITY = YES_AGGRESSIVE;
				CLANG_WARN_UNREACHABLE_CODE = YES;
				CLANG_WARN__DUPLICATE_METHOD_MATCH = YES;
				COPY_PHASE_STRIP = NO;
				DEBUG_INFORMATION_FORMAT = "dwarf-with-dsym";
				ENABLE_NS_ASSERTIONS = NO;
				ENABLE_STRICT_OBJC_MSGSEND = YES;
				GCC_C_LANGUAGE_STANDARD = gnu11;
				GCC_NO_COMMON_BLOCKS = YES;
				GCC_WARN_64_TO_32_BIT_CONVERSION = YES;
				GCC_WARN_ABOUT_RETURN_TYPE = YES_ERROR;
				GCC_WARN_UNDECLARED_SELECTOR = YES;
				GCC_WARN_UNINITIALIZED_AUTOS = YES_AGGRESSIVE;
				GCC_WARN_UNUSED_FUNCTION = YES;
				GCC_WARN_UNUSED_VARIABLE = YES;
				IPHONEOS_DEPLOYMENT_TARGET = 13.2;
				MTL_ENABLE_DEBUG_INFO = NO;
				MTL_FAST_MATH = YES;
				SDKROOT = iphoneos;
				SWIFT_COMPILATION_MODE = wholemodule;
				SWIFT_OPTIMIZATION_LEVEL = "-O";
				VALIDATE_PRODUCT = YES;
			};
			name = Release;
		};
		63C7C2302428263500D66B97 /* Debug */ = {
			isa = XCBuildConfiguration;
			baseConfigurationReference = 4ED163271F8D70C679A0C1AD /* Pods-Tarea#4.debug.xcconfig */;
			buildSettings = {
				ASSETCATALOG_COMPILER_APPICON_NAME = AppIcon;
				CODE_SIGN_STYLE = Automatic;
				INFOPLIST_FILE = "$(SRCROOT)/Tarea#4/Info.plist";
				LD_RUNPATH_SEARCH_PATHS = (
					"$(inherited)",
					"@executable_path/Frameworks",
				);
				PRODUCT_BUNDLE_IDENTIFIER = "alberto.Tarea-3";
				PRODUCT_NAME = "$(TARGET_NAME)";
				SWIFT_VERSION = 5.0;
				TARGETED_DEVICE_FAMILY = 1;
			};
			name = Debug;
		};
		63C7C2312428263500D66B97 /* Release */ = {
			isa = XCBuildConfiguration;
			baseConfigurationReference = F6F84AD65A3AEFAB73C69548 /* Pods-Tarea#4.release.xcconfig */;
			buildSettings = {
				ASSETCATALOG_COMPILER_APPICON_NAME = AppIcon;
				CODE_SIGN_STYLE = Automatic;
				INFOPLIST_FILE = "$(SRCROOT)/Tarea#4/Info.plist";
				LD_RUNPATH_SEARCH_PATHS = (
					"$(inherited)",
					"@executable_path/Frameworks",
				);
				PRODUCT_BUNDLE_IDENTIFIER = "alberto.Tarea-3";
				PRODUCT_NAME = "$(TARGET_NAME)";
				SWIFT_VERSION = 5.0;
				TARGETED_DEVICE_FAMILY = 1;
			};
			name = Release;
		};
/* End XCBuildConfiguration section */

/* Begin XCConfigurationList section */
		63C7C2162428263300D66B97 /* Build configuration list for PBXProject "Tarea#4" */ = {
			isa = XCConfigurationList;
			buildConfigurations = (
				63C7C22D2428263500D66B97 /* Debug */,
				63C7C22E2428263500D66B97 /* Release */,
			);
			defaultConfigurationIsVisible = 0;
			defaultConfigurationName = Release;
		};
		63C7C22F2428263500D66B97 /* Build configuration list for PBXNativeTarget "Tarea#4" */ = {
			isa = XCConfigurationList;
			buildConfigurations = (
				63C7C2302428263500D66B97 /* Debug */,
				63C7C2312428263500D66B97 /* Release */,
			);
			defaultConfigurationIsVisible = 0;
			defaultConfigurationName = Release;
		};
/* End XCConfigurationList section */
	};
	rootObject = 63C7C2132428263300D66B97 /* Project object */;
}
